
Microsoft Visual Studio Solution File, Format Version 12.00
# Visual Studio Version 16
VisualStudioVersion = 25.0.1706.9
MinimumVisualStudioVersion = 10.0.40219.1
Project("{FAE04EC0-301F-11D3-BF4B-00C04F79EFBC}") = "Play.Trading.Service", "Play.Trading.Service.csproj", "{61D1CD58-A726-47F0-A6A8-E08883AF4547}"
EndProject
Global
	GlobalSection(SolutionConfigurationPlatforms) = preSolution
		Debug|Any CPU = Debug|Any CPU
		Release|Any CPU = Release|Any CPU
	EndGlobalSection
	GlobalSection(ProjectConfigurationPlatforms) = postSolution
		{61D1CD58-A726-47F0-A6A8-E08883AF4547}.Debug|Any CPU.ActiveCfg = Debug|Any CPU
		{61D1CD58-A726-47F0-A6A8-E08883AF4547}.Debug|Any CPU.Build.0 = Debug|Any CPU
		{61D1CD58-A726-47F0-A6A8-E08883AF4547}.Release|Any CPU.ActiveCfg = Release|Any CPU
		{61D1CD58-A726-47F0-A6A8-E08883AF4547}.Release|Any CPU.Build.0 = Release|Any CPU
	EndGlobalSection
	GlobalSection(SolutionProperties) = preSolution
		HideSolutionNode = FALSE
	EndGlobalSection
	GlobalSection(ExtensibilityGlobals) = postSolution
		SolutionGuid = {83C9FA34-54B7-4F89-A56D-A9D182473DB2}
	EndGlobalSection
EndGlobal
